
Microsoft Visual Studio Solution File, Format Version 12.00
# Visual Studio Version 17
VisualStudioVersion = 17.4.33205.214
MinimumVisualStudioVersion = 10.0.40219.1
Project("{888888A0-9F3D-457C-B088-3A5042F75D52}") = "Graafik", "Graafik\Graafik.pyproj", "{2A512DA1-60CF-458F-AA2A-AE0D1D69B595}"
EndProject
Global
	GlobalSection(SolutionConfigurationPlatforms) = preSolution
		Debug|Any CPU = Debug|Any CPU
		Release|Any CPU = Release|Any CPU
	EndGlobalSection
	GlobalSection(ProjectConfigurationPlatforms) = postSolution
		{2A512DA1-60CF-458F-AA2A-AE0D1D69B595}.Debug|Any CPU.ActiveCfg = Debug|Any CPU
		{2A512DA1-60CF-458F-AA2A-AE0D1D69B595}.Release|Any CPU.ActiveCfg = Release|Any CPU
	EndGlobalSection
	GlobalSection(SolutionProperties) = preSolution
		HideSolutionNode = FALSE
	EndGlobalSection
	GlobalSection(ExtensibilityGlobals) = postSolution
		SolutionGuid = {C76B125C-0349-4D10-902C-980436AA17FC}
	EndGlobalSection
EndGlobal
