
Microsoft Visual Studio Solution File, Format Version 12.00
# Visual Studio Version 17
VisualStudioVersion = 17.4.33205.214
MinimumVisualStudioVersion = 10.0.40219.1
Project("{888888A0-9F3D-457C-B088-3A5042F75D52}") = "Wordle graafilise kujundiga", "Wordle graafilise kujundiga\Wordle graafilise kujundiga.pyproj", "{C7FF2BF5-6190-4253-965B-896CE55F487A}"
EndProject
Global
	GlobalSection(SolutionConfigurationPlatforms) = preSolution
		Debug|Any CPU = Debug|Any CPU
		Release|Any CPU = Release|Any CPU
	EndGlobalSection
	GlobalSection(ProjectConfigurationPlatforms) = postSolution
		{C7FF2BF5-6190-4253-965B-896CE55F487A}.Debug|Any CPU.ActiveCfg = Debug|Any CPU
		{C7FF2BF5-6190-4253-965B-896CE55F487A}.Release|Any CPU.ActiveCfg = Release|Any CPU
	EndGlobalSection
	GlobalSection(SolutionProperties) = preSolution
		HideSolutionNode = FALSE
	EndGlobalSection
	GlobalSection(ExtensibilityGlobals) = postSolution
		SolutionGuid = {549E9BFD-3BF5-407B-A68A-5BAB17AB490D}
	EndGlobalSection
EndGlobal
